// !$*UTF8*$!
{
	archiveVersion = 1;
	classes = {
	};
	objectVersion = 48;
	objects = {

/* Begin PBXBuildFile section */
		416D515A20AB32A1007D8CD6 /* format.cc in Sources */ = {isa = PBXBuildFile; fileRef = 416D515520AB32A1007D8CD6 /* format.cc */; };
		416D515B20AB32A1007D8CD6 /* filename.cc in Sources */ = {isa = PBXBuildFile; fileRef = 416D515720AB32A1007D8CD6 /* filename.cc */; };
		416D515C20AB32A1007D8CD6 /* ui.cc in Sources */ = {isa = PBXBuildFile; fileRef = 416D515820AB32A1007D8CD6 /* ui.cc */; };
		416D515D20AB32A1007D8CD6 /* tinyfiledialogs.c in Sources */ = {isa = PBXBuildFile; fileRef = 416D515920AB32A1007D8CD6 /* tinyfiledialogs.c */; };
		416D516020AB32AA007D8CD6 /* tape.cc in Sources */ = {isa = PBXBuildFile; fileRef = 416D515E20AB32AA007D8CD6 /* tape.cc */; };
		416D516A20AB32CE007D8CD6 /* nxfile.cc in Sources */ = {isa = PBXBuildFile; fileRef = 416D516120AB32CD007D8CD6 /* nxfile.cc */; };
		416D516B20AB32CE007D8CD6 /* z80.cc in Sources */ = {isa = PBXBuildFile; fileRef = 416D516220AB32CD007D8CD6 /* z80.cc */; };
		416D516C20AB32CE007D8CD6 /* roms.cc in Sources */ = {isa = PBXBuildFile; fileRef = 416D516420AB32CD007D8CD6 /* roms.cc */; };
		416D516D20AB32CE007D8CD6 /* nx.cc in Sources */ = {isa = PBXBuildFile; fileRef = 416D516720AB32CD007D8CD6 /* nx.cc */; };
		416D516E20AB32CE007D8CD6 /* spectrum.cc in Sources */ = {isa = PBXBuildFile; fileRef = 416D516820AB32CD007D8CD6 /* spectrum.cc */; };
		416D517320AB32E0007D8CD6 /* editor.cc in Sources */ = {isa = PBXBuildFile; fileRef = 416D516F20AB32DF007D8CD6 /* editor.cc */; };
		416D517420AB32E0007D8CD6 /* overlay_editor.cc in Sources */ = {isa = PBXBuildFile; fileRef = 416D517220AB32DF007D8CD6 /* overlay_editor.cc */; };
		418086D620AB2F7600E41B5D /* disasm.cc in Sources */ = {isa = PBXBuildFile; fileRef = 418086CE20AB2F7600E41B5D /* disasm.cc */; };
		418086D720AB2F7600E41B5D /* lex.cc in Sources */ = {isa = PBXBuildFile; fileRef = 418086D120AB2F7600E41B5D /* lex.cc */; };
		418086D820AB2F7600E41B5D /* asm.cc in Sources */ = {isa = PBXBuildFile; fileRef = 418086D220AB2F7600E41B5D /* asm.cc */; };
		418086D920AB2F7600E41B5D /* overlay_asm.cc in Sources */ = {isa = PBXBuildFile; fileRef = 418086D420AB2F7600E41B5D /* overlay_asm.cc */; };
		418086DE20AB301700E41B5D /* ResourcePath.mm in Sources */ = {isa = PBXBuildFile; fileRef = 418086DD20AB301700E41B5D /* ResourcePath.mm */; };
		418086E020AB307100E41B5D /* icon.png in Resources */ = {isa = PBXBuildFile; fileRef = 418086DF20AB307100E41B5D /* icon.png */; };
		418086E420AB30D800E41B5D /* audio.cc in Sources */ = {isa = PBXBuildFile; fileRef = 418086E220AB30D800E41B5D /* audio.cc */; };
		418086EB20AB30E300E41B5D /* window_cpustatus.cc in Sources */ = {isa = PBXBuildFile; fileRef = 418086E520AB30E200E41B5D /* window_cpustatus.cc */; };
		418086EC20AB30E300E41B5D /* window_memorydump.cc in Sources */ = {isa = PBXBuildFile; fileRef = 418086E620AB30E300E41B5D /* window_memorydump.cc */; };
		418086ED20AB30E300E41B5D /* overlay_debugger.cc in Sources */ = {isa = PBXBuildFile; fileRef = 418086E720AB30E300E41B5D /* overlay_debugger.cc */; };
		418086EE20AB30E300E41B5D /* window_command.cc in Sources */ = {isa = PBXBuildFile; fileRef = 418086E820AB30E300E41B5D /* window_command.cc */; };
		418086EF20AB30E300E41B5D /* window_disassembly.cc in Sources */ = {isa = PBXBuildFile; fileRef = 418086EA20AB30E300E41B5D /* window_disassembly.cc */; };
		418086F420AB30FD00E41B5D /* disassembler.cc in Sources */ = {isa = PBXBuildFile; fileRef = 418086F220AB30FD00E41B5D /* disassembler.cc */; };
		418086F520AB30FD00E41B5D /* overlay_disasm.cc in Sources */ = {isa = PBXBuildFile; fileRef = 418086F320AB30FD00E41B5D /* overlay_disasm.cc */; };
		418086FF20AB321000E41B5D /* main.cc in Sources */ = {isa = PBXBuildFile; fileRef = 418086FD20AB321000E41B5D /* main.cc */; };
		C965A3F91F8BCF0400C2B212 /* portaudio.framework in Frameworks */ = {isa = PBXBuildFile; fileRef = C965A3F81F8BCF0400C2B212 /* portaudio.framework */; };
		C965A3FA1F8BCF0400C2B212 /* portaudio.framework in Embed Frameworks */ = {isa = PBXBuildFile; fileRef = C965A3F81F8BCF0400C2B212 /* portaudio.framework */; settings = {ATTRIBUTES = (CodeSignOnCopy, RemoveHeadersOnCopy, ); }; };
		C9A29B951F87167000336E8E /* OpenAL.framework in Frameworks */ = {isa = PBXBuildFile; fileRef = C9A29B881F87166E00336E8E /* OpenAL.framework */; };
		C9A29B961F87167000336E8E /* OpenAL.framework in Embed Frameworks */ = {isa = PBXBuildFile; fileRef = C9A29B881F87166E00336E8E /* OpenAL.framework */; settings = {ATTRIBUTES = (CodeSignOnCopy, RemoveHeadersOnCopy, ); }; };
		C9A29B971F87167000336E8E /* sfml-window.framework in Frameworks */ = {isa = PBXBuildFile; fileRef = C9A29B891F87166E00336E8E /* sfml-window.framework */; };
		C9A29B981F87167000336E8E /* sfml-window.framework in Embed Frameworks */ = {isa = PBXBuildFile; fileRef = C9A29B891F87166E00336E8E /* sfml-window.framework */; settings = {ATTRIBUTES = (CodeSignOnCopy, RemoveHeadersOnCopy, ); }; };
		C9A29B991F87167000336E8E /* sfml-graphics.framework in Frameworks */ = {isa = PBXBuildFile; fileRef = C9A29B8A1F87166F00336E8E /* sfml-graphics.framework */; };
		C9A29B9A1F87167000336E8E /* sfml-graphics.framework in Embed Frameworks */ = {isa = PBXBuildFile; fileRef = C9A29B8A1F87166F00336E8E /* sfml-graphics.framework */; settings = {ATTRIBUTES = (CodeSignOnCopy, RemoveHeadersOnCopy, ); }; };
		C9A29B9B1F87167000336E8E /* vorbis.framework in Frameworks */ = {isa = PBXBuildFile; fileRef = C9A29B8B1F87166F00336E8E /* vorbis.framework */; };
		C9A29B9C1F87167000336E8E /* vorbis.framework in Embed Frameworks */ = {isa = PBXBuildFile; fileRef = C9A29B8B1F87166F00336E8E /* vorbis.framework */; settings = {ATTRIBUTES = (CodeSignOnCopy, RemoveHeadersOnCopy, ); }; };
		C9A29B9D1F87167000336E8E /* ogg.framework in Frameworks */ = {isa = PBXBuildFile; fileRef = C9A29B8C1F87166F00336E8E /* ogg.framework */; };
		C9A29B9E1F87167000336E8E /* ogg.framework in Embed Frameworks */ = {isa = PBXBuildFile; fileRef = C9A29B8C1F87166F00336E8E /* ogg.framework */; settings = {ATTRIBUTES = (CodeSignOnCopy, RemoveHeadersOnCopy, ); }; };
		C9A29B9F1F87167000336E8E /* vorbisenc.framework in Frameworks */ = {isa = PBXBuildFile; fileRef = C9A29B8D1F87166F00336E8E /* vorbisenc.framework */; };
		C9A29BA01F87167000336E8E /* vorbisenc.framework in Embed Frameworks */ = {isa = PBXBuildFile; fileRef = C9A29B8D1F87166F00336E8E /* vorbisenc.framework */; settings = {ATTRIBUTES = (CodeSignOnCopy, RemoveHeadersOnCopy, ); }; };
		C9A29BA11F87167000336E8E /* sfml-network.framework in Frameworks */ = {isa = PBXBuildFile; fileRef = C9A29B8E1F87166F00336E8E /* sfml-network.framework */; };
		C9A29BA21F87167000336E8E /* sfml-network.framework in Embed Frameworks */ = {isa = PBXBuildFile; fileRef = C9A29B8E1F87166F00336E8E /* sfml-network.framework */; settings = {ATTRIBUTES = (CodeSignOnCopy, RemoveHeadersOnCopy, ); }; };
		C9A29BA31F87167000336E8E /* vorbisfile.framework in Frameworks */ = {isa = PBXBuildFile; fileRef = C9A29B8F1F87166F00336E8E /* vorbisfile.framework */; };
		C9A29BA41F87167000336E8E /* vorbisfile.framework in Embed Frameworks */ = {isa = PBXBuildFile; fileRef = C9A29B8F1F87166F00336E8E /* vorbisfile.framework */; settings = {ATTRIBUTES = (CodeSignOnCopy, RemoveHeadersOnCopy, ); }; };
		C9A29BA51F87167000336E8E /* sfml-audio.framework in Frameworks */ = {isa = PBXBuildFile; fileRef = C9A29B901F87166F00336E8E /* sfml-audio.framework */; };
		C9A29BA61F87167000336E8E /* sfml-audio.framework in Embed Frameworks */ = {isa = PBXBuildFile; fileRef = C9A29B901F87166F00336E8E /* sfml-audio.framework */; settings = {ATTRIBUTES = (CodeSignOnCopy, RemoveHeadersOnCopy, ); }; };
		C9A29BA71F87167000336E8E /* FLAC.framework in Frameworks */ = {isa = PBXBuildFile; fileRef = C9A29B911F87166F00336E8E /* FLAC.framework */; };
		C9A29BA81F87167000336E8E /* FLAC.framework in Embed Frameworks */ = {isa = PBXBuildFile; fileRef = C9A29B911F87166F00336E8E /* FLAC.framework */; settings = {ATTRIBUTES = (CodeSignOnCopy, RemoveHeadersOnCopy, ); }; };
		C9A29BA91F87167000336E8E /* SFML.framework in Frameworks */ = {isa = PBXBuildFile; fileRef = C9A29B921F87167000336E8E /* SFML.framework */; };
		C9A29BAA1F87167000336E8E /* SFML.framework in Embed Frameworks */ = {isa = PBXBuildFile; fileRef = C9A29B921F87167000336E8E /* SFML.framework */; settings = {ATTRIBUTES = (CodeSignOnCopy, RemoveHeadersOnCopy, ); }; };
		C9A29BAB1F87167000336E8E /* sfml-system.framework in Frameworks */ = {isa = PBXBuildFile; fileRef = C9A29B931F87167000336E8E /* sfml-system.framework */; };
		C9A29BAC1F87167000336E8E /* sfml-system.framework in Embed Frameworks */ = {isa = PBXBuildFile; fileRef = C9A29B931F87167000336E8E /* sfml-system.framework */; settings = {ATTRIBUTES = (CodeSignOnCopy, RemoveHeadersOnCopy, ); }; };
		C9A29BAD1F87167000336E8E /* freetype.framework in Frameworks */ = {isa = PBXBuildFile; fileRef = C9A29B941F87167000336E8E /* freetype.framework */; };
		C9A29BAE1F87167000336E8E /* freetype.framework in Embed Frameworks */ = {isa = PBXBuildFile; fileRef = C9A29B941F87167000336E8E /* freetype.framework */; settings = {ATTRIBUTES = (CodeSignOnCopy, RemoveHeadersOnCopy, ); }; };
/* End PBXBuildFile section */

/* Begin PBXCopyFilesBuildPhase section */
		C9A29BAF1F87167000336E8E /* Embed Frameworks */ = {
			isa = PBXCopyFilesBuildPhase;
			buildActionMask = 2147483647;
			dstPath = "";
			dstSubfolderSpec = 10;
			files = (
				C9A29BA61F87167000336E8E /* sfml-audio.framework in Embed Frameworks */,
				C9A29B981F87167000336E8E /* sfml-window.framework in Embed Frameworks */,
				C965A3FA1F8BCF0400C2B212 /* portaudio.framework in Embed Frameworks */,
				C9A29BAE1F87167000336E8E /* freetype.framework in Embed Frameworks */,
				C9A29BA81F87167000336E8E /* FLAC.framework in Embed Frameworks */,
				C9A29B9C1F87167000336E8E /* vorbis.framework in Embed Frameworks */,
				C9A29BA01F87167000336E8E /* vorbisenc.framework in Embed Frameworks */,
				C9A29B9E1F87167000336E8E /* ogg.framework in Embed Frameworks */,
				C9A29BAA1F87167000336E8E /* SFML.framework in Embed Frameworks */,
				C9A29B961F87167000336E8E /* OpenAL.framework in Embed Frameworks */,
				C9A29BA41F87167000336E8E /* vorbisfile.framework in Embed Frameworks */,
				C9A29BAC1F87167000336E8E /* sfml-system.framework in Embed Frameworks */,
				C9A29B9A1F87167000336E8E /* sfml-graphics.framework in Embed Frameworks */,
				C9A29BA21F87167000336E8E /* sfml-network.framework in Embed Frameworks */,
			);
			name = "Embed Frameworks";
			runOnlyForDeploymentPostprocessing = 0;
		};
/* End PBXCopyFilesBuildPhase section */

/* Begin PBXFileReference section */
		416D515220AB32A1007D8CD6 /* ui.h */ = {isa = PBXFileReference; fileEncoding = 4; lastKnownFileType = sourcecode.c.h; path = ui.h; sourceTree = "<group>"; };
		416D515320AB32A1007D8CD6 /* format.h */ = {isa = PBXFileReference; fileEncoding = 4; lastKnownFileType = sourcecode.c.h; path = format.h; sourceTree = "<group>"; };
		416D515420AB32A1007D8CD6 /* tinyfiledialogs.h */ = {isa = PBXFileReference; fileEncoding = 4; lastKnownFileType = sourcecode.c.h; path = tinyfiledialogs.h; sourceTree = "<group>"; };
		416D515520AB32A1007D8CD6 /* format.cc */ = {isa = PBXFileReference; fileEncoding = 4; lastKnownFileType = sourcecode.cpp.cpp; path = format.cc; sourceTree = "<group>"; };
		416D515620AB32A1007D8CD6 /* filename.h */ = {isa = PBXFileReference; fileEncoding = 4; lastKnownFileType = sourcecode.c.h; path = filename.h; sourceTree = "<group>"; };
		416D515720AB32A1007D8CD6 /* filename.cc */ = {isa = PBXFileReference; fileEncoding = 4; lastKnownFileType = sourcecode.cpp.cpp; path = filename.cc; sourceTree = "<group>"; };
		416D515820AB32A1007D8CD6 /* ui.cc */ = {isa = PBXFileReference; fileEncoding = 4; lastKnownFileType = sourcecode.cpp.cpp; path = ui.cc; sourceTree = "<group>"; };
		416D515920AB32A1007D8CD6 /* tinyfiledialogs.c */ = {isa = PBXFileReference; fileEncoding = 4; lastKnownFileType = sourcecode.c.c; path = tinyfiledialogs.c; sourceTree = "<group>"; };
		416D515E20AB32AA007D8CD6 /* tape.cc */ = {isa = PBXFileReference; fileEncoding = 4; lastKnownFileType = sourcecode.cpp.cpp; path = tape.cc; sourceTree = "<group>"; };
		416D515F20AB32AA007D8CD6 /* tape.h */ = {isa = PBXFileReference; fileEncoding = 4; lastKnownFileType = sourcecode.c.h; path = tape.h; sourceTree = "<group>"; };
		416D516120AB32CD007D8CD6 /* nxfile.cc */ = {isa = PBXFileReference; fileEncoding = 4; lastKnownFileType = sourcecode.cpp.cpp; path = nxfile.cc; sourceTree = "<group>"; };
		416D516220AB32CD007D8CD6 /* z80.cc */ = {isa = PBXFileReference; fileEncoding = 4; lastKnownFileType = sourcecode.cpp.cpp; path = z80.cc; sourceTree = "<group>"; };
		416D516320AB32CD007D8CD6 /* z80.h */ = {isa = PBXFileReference; fileEncoding = 4; lastKnownFileType = sourcecode.c.h; path = z80.h; sourceTree = "<group>"; };
		416D516420AB32CD007D8CD6 /* roms.cc */ = {isa = PBXFileReference; fileEncoding = 4; lastKnownFileType = sourcecode.cpp.cpp; path = roms.cc; sourceTree = "<group>"; };
		416D516520AB32CD007D8CD6 /* nx.h */ = {isa = PBXFileReference; fileEncoding = 4; lastKnownFileType = sourcecode.c.h; path = nx.h; sourceTree = "<group>"; };
		416D516620AB32CD007D8CD6 /* nxfile.h */ = {isa = PBXFileReference; fileEncoding = 4; lastKnownFileType = sourcecode.c.h; path = nxfile.h; sourceTree = "<group>"; };
		416D516720AB32CD007D8CD6 /* nx.cc */ = {isa = PBXFileReference; fileEncoding = 4; lastKnownFileType = sourcecode.cpp.cpp; path = nx.cc; sourceTree = "<group>"; };
		416D516820AB32CD007D8CD6 /* spectrum.cc */ = {isa = PBXFileReference; fileEncoding = 4; lastKnownFileType = sourcecode.cpp.cpp; path = spectrum.cc; sourceTree = "<group>"; };
		416D516920AB32CD007D8CD6 /* spectrum.h */ = {isa = PBXFileReference; fileEncoding = 4; lastKnownFileType = sourcecode.c.h; path = spectrum.h; sourceTree = "<group>"; };
		416D516F20AB32DF007D8CD6 /* editor.cc */ = {isa = PBXFileReference; fileEncoding = 4; lastKnownFileType = sourcecode.cpp.cpp; path = editor.cc; sourceTree = "<group>"; };
		416D517020AB32DF007D8CD6 /* overlay_editor.h */ = {isa = PBXFileReference; fileEncoding = 4; lastKnownFileType = sourcecode.c.h; path = overlay_editor.h; sourceTree = "<group>"; };
		416D517120AB32DF007D8CD6 /* editor.h */ = {isa = PBXFileReference; fileEncoding = 4; lastKnownFileType = sourcecode.c.h; path = editor.h; sourceTree = "<group>"; };
		416D517220AB32DF007D8CD6 /* overlay_editor.cc */ = {isa = PBXFileReference; fileEncoding = 4; lastKnownFileType = sourcecode.cpp.cpp; path = overlay_editor.cc; sourceTree = "<group>"; };
		418086CD20AB2F7600E41B5D /* overlay_asm.h */ = {isa = PBXFileReference; fileEncoding = 4; lastKnownFileType = sourcecode.c.h; path = overlay_asm.h; sourceTree = "<group>"; };
		418086CE20AB2F7600E41B5D /* disasm.cc */ = {isa = PBXFileReference; fileEncoding = 4; lastKnownFileType = sourcecode.cpp.cpp; path = disasm.cc; sourceTree = "<group>"; };
		418086CF20AB2F7600E41B5D /* lex.h */ = {isa = PBXFileReference; fileEncoding = 4; lastKnownFileType = sourcecode.c.h; path = lex.h; sourceTree = "<group>"; };
		418086D020AB2F7600E41B5D /* asm.h */ = {isa = PBXFileReference; fileEncoding = 4; lastKnownFileType = sourcecode.c.h; path = asm.h; sourceTree = "<group>"; };
		418086D120AB2F7600E41B5D /* lex.cc */ = {isa = PBXFileReference; fileEncoding = 4; lastKnownFileType = sourcecode.cpp.cpp; path = lex.cc; sourceTree = "<group>"; };
		418086D220AB2F7600E41B5D /* asm.cc */ = {isa = PBXFileReference; fileEncoding = 4; lastKnownFileType = sourcecode.cpp.cpp; path = asm.cc; sourceTree = "<group>"; };
		418086D320AB2F7600E41B5D /* stringtable.h */ = {isa = PBXFileReference; fileEncoding = 4; lastKnownFileType = sourcecode.c.h; path = stringtable.h; sourceTree = "<group>"; };
		418086D420AB2F7600E41B5D /* overlay_asm.cc */ = {isa = PBXFileReference; fileEncoding = 4; lastKnownFileType = sourcecode.cpp.cpp; path = overlay_asm.cc; sourceTree = "<group>"; };
		418086D520AB2F7600E41B5D /* disasm.h */ = {isa = PBXFileReference; fileEncoding = 4; lastKnownFileType = sourcecode.c.h; path = disasm.h; sourceTree = "<group>"; };
		418086DC20AB301700E41B5D /* ResourcePath.hpp */ = {isa = PBXFileReference; fileEncoding = 4; lastKnownFileType = sourcecode.cpp.h; name = ResourcePath.hpp; path = ../../src/ResourcePath.hpp; sourceTree = SOURCE_ROOT; };
		418086DD20AB301700E41B5D /* ResourcePath.mm */ = {isa = PBXFileReference; fileEncoding = 4; lastKnownFileType = sourcecode.cpp.objcpp; name = ResourcePath.mm; path = ../../src/ResourcePath.mm; sourceTree = SOURCE_ROOT; };
		418086DF20AB307100E41B5D /* icon.png */ = {isa = PBXFileReference; lastKnownFileType = image.png; path = icon.png; sourceTree = "<group>"; };
		418086E220AB30D800E41B5D /* audio.cc */ = {isa = PBXFileReference; fileEncoding = 4; lastKnownFileType = sourcecode.cpp.cpp; path = audio.cc; sourceTree = "<group>"; };
		418086E320AB30D800E41B5D /* audio.h */ = {isa = PBXFileReference; fileEncoding = 4; lastKnownFileType = sourcecode.c.h; path = audio.h; sourceTree = "<group>"; };
		418086E520AB30E200E41B5D /* window_cpustatus.cc */ = {isa = PBXFileReference; fileEncoding = 4; lastKnownFileType = sourcecode.cpp.cpp; path = window_cpustatus.cc; sourceTree = "<group>"; };
		418086E620AB30E300E41B5D /* window_memorydump.cc */ = {isa = PBXFileReference; fileEncoding = 4; lastKnownFileType = sourcecode.cpp.cpp; path = window_memorydump.cc; sourceTree = "<group>"; };
		418086E720AB30E300E41B5D /* overlay_debugger.cc */ = {isa = PBXFileReference; fileEncoding = 4; lastKnownFileType = sourcecode.cpp.cpp; path = overlay_debugger.cc; sourceTree = "<group>"; };
		418086E820AB30E300E41B5D /* window_command.cc */ = {isa = PBXFileReference; fileEncoding = 4; lastKnownFileType = sourcecode.cpp.cpp; path = window_command.cc; sourceTree = "<group>"; };
		418086E920AB30E300E41B5D /* overlay_debugger.h */ = {isa = PBXFileReference; fileEncoding = 4; lastKnownFileType = sourcecode.c.h; path = overlay_debugger.h; sourceTree = "<group>"; };
		418086EA20AB30E300E41B5D /* window_disassembly.cc */ = {isa = PBXFileReference; fileEncoding = 4; lastKnownFileType = sourcecode.cpp.cpp; path = window_disassembly.cc; sourceTree = "<group>"; };
		418086F020AB30FD00E41B5D /* disassembler.h */ = {isa = PBXFileReference; fileEncoding = 4; lastKnownFileType = sourcecode.c.h; path = disassembler.h; sourceTree = "<group>"; };
		418086F120AB30FD00E41B5D /* overlay_disasm.h */ = {isa = PBXFileReference; fileEncoding = 4; lastKnownFileType = sourcecode.c.h; path = overlay_disasm.h; sourceTree = "<group>"; };
		418086F220AB30FD00E41B5D /* disassembler.cc */ = {isa = PBXFileReference; fileEncoding = 4; lastKnownFileType = sourcecode.cpp.cpp; path = disassembler.cc; sourceTree = "<group>"; };
		418086F320AB30FD00E41B5D /* overlay_disasm.cc */ = {isa = PBXFileReference; fileEncoding = 4; lastKnownFileType = sourcecode.cpp.cpp; path = overlay_disasm.cc; sourceTree = "<group>"; };
		418086F620AB310D00E41B5D /* nx-Info.plist */ = {isa = PBXFileReference; fileEncoding = 4; lastKnownFileType = text.plist.xml; name = "nx-Info.plist"; path = "nx/nx-Info.plist"; sourceTree = SOURCE_ROOT; };
		418086FC20AB321000E41B5D /* config.h */ = {isa = PBXFileReference; fileEncoding = 4; lastKnownFileType = sourcecode.c.h; path = config.h; sourceTree = "<group>"; };
		418086FD20AB321000E41B5D /* main.cc */ = {isa = PBXFileReference; fileEncoding = 4; lastKnownFileType = sourcecode.cpp.cpp; path = main.cc; sourceTree = "<group>"; };
		418086FE20AB321000E41B5D /* types.h */ = {isa = PBXFileReference; fileEncoding = 4; lastKnownFileType = sourcecode.c.h; path = types.h; sourceTree = "<group>"; };
		C965A3F81F8BCF0400C2B212 /* portaudio.framework */ = {isa = PBXFileReference; lastKnownFileType = wrapper.framework; name = portaudio.framework; path = frameworks/portaudio.framework; sourceTree = "<group>"; };
		C9A29B6E1F8715A500336E8E /* nx.app */ = {isa = PBXFileReference; explicitFileType = wrapper.application; includeInIndex = 0; path = nx.app; sourceTree = BUILT_PRODUCTS_DIR; };
		C9A29B881F87166E00336E8E /* OpenAL.framework */ = {isa = PBXFileReference; lastKnownFileType = wrapper.framework; name = OpenAL.framework; path = frameworks/OpenAL.framework; sourceTree = "<group>"; };
		C9A29B891F87166E00336E8E /* sfml-window.framework */ = {isa = PBXFileReference; lastKnownFileType = wrapper.framework; name = "sfml-window.framework"; path = "frameworks/sfml-window.framework"; sourceTree = "<group>"; };
		C9A29B8A1F87166F00336E8E /* sfml-graphics.framework */ = {isa = PBXFileReference; lastKnownFileType = wrapper.framework; name = "sfml-graphics.framework"; path = "frameworks/sfml-graphics.framework"; sourceTree = "<group>"; };
		C9A29B8B1F87166F00336E8E /* vorbis.framework */ = {isa = PBXFileReference; lastKnownFileType = wrapper.framework; name = vorbis.framework; path = frameworks/vorbis.framework; sourceTree = "<group>"; };
		C9A29B8C1F87166F00336E8E /* ogg.framework */ = {isa = PBXFileReference; lastKnownFileType = wrapper.framework; name = ogg.framework; path = frameworks/ogg.framework; sourceTree = "<group>"; };
		C9A29B8D1F87166F00336E8E /* vorbisenc.framework */ = {isa = PBXFileReference; lastKnownFileType = wrapper.framework; name = vorbisenc.framework; path = frameworks/vorbisenc.framework; sourceTree = "<group>"; };
		C9A29B8E1F87166F00336E8E /* sfml-network.framework */ = {isa = PBXFileReference; lastKnownFileType = wrapper.framework; name = "sfml-network.framework"; path = "frameworks/sfml-network.framework"; sourceTree = "<group>"; };
		C9A29B8F1F87166F00336E8E /* vorbisfile.framework */ = {isa = PBXFileReference; lastKnownFileType = wrapper.framework; name = vorbisfile.framework; path = frameworks/vorbisfile.framework; sourceTree = "<group>"; };
		C9A29B901F87166F00336E8E /* sfml-audio.framework */ = {isa = PBXFileReference; lastKnownFileType = wrapper.framework; name = "sfml-audio.framework"; path = "frameworks/sfml-audio.framework"; sourceTree = "<group>"; };
		C9A29B911F87166F00336E8E /* FLAC.framework */ = {isa = PBXFileReference; lastKnownFileType = wrapper.framework; name = FLAC.framework; path = frameworks/FLAC.framework; sourceTree = "<group>"; };
		C9A29B921F87167000336E8E /* SFML.framework */ = {isa = PBXFileReference; lastKnownFileType = wrapper.framework; name = SFML.framework; path = frameworks/SFML.framework; sourceTree = "<group>"; };
		C9A29B931F87167000336E8E /* sfml-system.framework */ = {isa = PBXFileReference; lastKnownFileType = wrapper.framework; name = "sfml-system.framework"; path = "frameworks/sfml-system.framework"; sourceTree = "<group>"; };
		C9A29B941F87167000336E8E /* freetype.framework */ = {isa = PBXFileReference; lastKnownFileType = wrapper.framework; name = freetype.framework; path = frameworks/freetype.framework; sourceTree = "<group>"; };
/* End PBXFileReference section */

/* Begin PBXFrameworksBuildPhase section */
		C9A29B6A1F8715A500336E8E /* Frameworks */ = {
			isa = PBXFrameworksBuildPhase;
			buildActionMask = 2147483647;
			files = (
				C9A29BA51F87167000336E8E /* sfml-audio.framework in Frameworks */,
				C9A29B971F87167000336E8E /* sfml-window.framework in Frameworks */,
				C965A3F91F8BCF0400C2B212 /* portaudio.framework in Frameworks */,
				C9A29BAD1F87167000336E8E /* freetype.framework in Frameworks */,
				C9A29BA71F87167000336E8E /* FLAC.framework in Frameworks */,
				C9A29B9B1F87167000336E8E /* vorbis.framework in Frameworks */,
				C9A29B9F1F87167000336E8E /* vorbisenc.framework in Frameworks */,
				C9A29B9D1F87167000336E8E /* ogg.framework in Frameworks */,
				C9A29BA91F87167000336E8E /* SFML.framework in Frameworks */,
				C9A29B951F87167000336E8E /* OpenAL.framework in Frameworks */,
				C9A29BA31F87167000336E8E /* vorbisfile.framework in Frameworks */,
				C9A29BAB1F87167000336E8E /* sfml-system.framework in Frameworks */,
				C9A29B991F87167000336E8E /* sfml-graphics.framework in Frameworks */,
				C9A29BA11F87167000336E8E /* sfml-network.framework in Frameworks */,
			);
			runOnlyForDeploymentPostprocessing = 0;
		};
/* End PBXFrameworksBuildPhase section */

/* Begin PBXGroup section */
		418086CC20AB2F5F00E41B5D /* asm */ = {
			isa = PBXGroup;
			children = (
				418086D220AB2F7600E41B5D /* asm.cc */,
				418086D020AB2F7600E41B5D /* asm.h */,
				418086CE20AB2F7600E41B5D /* disasm.cc */,
				418086D520AB2F7600E41B5D /* disasm.h */,
				418086D120AB2F7600E41B5D /* lex.cc */,
				418086CF20AB2F7600E41B5D /* lex.h */,
				418086D420AB2F7600E41B5D /* overlay_asm.cc */,
				418086CD20AB2F7600E41B5D /* overlay_asm.h */,
				418086D320AB2F7600E41B5D /* stringtable.h */,
			);
			path = asm;
			sourceTree = "<group>";
		};
		418086DA20AB2F8900E41B5D /* audio */ = {
			isa = PBXGroup;
			children = (
				418086E220AB30D800E41B5D /* audio.cc */,
				418086E320AB30D800E41B5D /* audio.h */,
			);
			path = audio;
			sourceTree = "<group>";
		};
		418086DB20AB2FE900E41B5D /* debugger */ = {
			isa = PBXGroup;
			children = (
				418086E720AB30E300E41B5D /* overlay_debugger.cc */,
				418086E920AB30E300E41B5D /* overlay_debugger.h */,
				418086E820AB30E300E41B5D /* window_command.cc */,
				418086E520AB30E200E41B5D /* window_cpustatus.cc */,
				418086EA20AB30E300E41B5D /* window_disassembly.cc */,
				418086E620AB30E300E41B5D /* window_memorydump.cc */,
			);
			path = debugger;
			sourceTree = "<group>";
		};
		418086E120AB308A00E41B5D /* disasm */ = {
			isa = PBXGroup;
			children = (
				418086F220AB30FD00E41B5D /* disassembler.cc */,
				418086F020AB30FD00E41B5D /* disassembler.h */,
				418086F320AB30FD00E41B5D /* overlay_disasm.cc */,
				418086F120AB30FD00E41B5D /* overlay_disasm.h */,
			);
			path = disasm;
			sourceTree = "<group>";
		};
		418086F820AB31E400E41B5D /* editor */ = {
			isa = PBXGroup;
			children = (
				416D516F20AB32DF007D8CD6 /* editor.cc */,
				416D517120AB32DF007D8CD6 /* editor.h */,
				416D517220AB32DF007D8CD6 /* overlay_editor.cc */,
				416D517020AB32DF007D8CD6 /* overlay_editor.h */,
			);
			path = editor;
			sourceTree = "<group>";
		};
		418086F920AB31EE00E41B5D /* emulator */ = {
			isa = PBXGroup;
			children = (
				416D516720AB32CD007D8CD6 /* nx.cc */,
				416D516520AB32CD007D8CD6 /* nx.h */,
				416D516120AB32CD007D8CD6 /* nxfile.cc */,
				416D516620AB32CD007D8CD6 /* nxfile.h */,
				416D516420AB32CD007D8CD6 /* roms.cc */,
				416D516820AB32CD007D8CD6 /* spectrum.cc */,
				416D516920AB32CD007D8CD6 /* spectrum.h */,
				416D516220AB32CD007D8CD6 /* z80.cc */,
				416D516320AB32CD007D8CD6 /* z80.h */,
			);
			path = emulator;
			sourceTree = "<group>";
		};
		418086FA20AB31FC00E41B5D /* tape */ = {
			isa = PBXGroup;
			children = (
				416D515E20AB32AA007D8CD6 /* tape.cc */,
				416D515F20AB32AA007D8CD6 /* tape.h */,
			);
			path = tape;
			sourceTree = "<group>";
		};
		418086FB20AB320000E41B5D /* utils */ = {
			isa = PBXGroup;
			children = (
				416D515720AB32A1007D8CD6 /* filename.cc */,
				416D515620AB32A1007D8CD6 /* filename.h */,
				416D515520AB32A1007D8CD6 /* format.cc */,
				416D515320AB32A1007D8CD6 /* format.h */,
				416D515920AB32A1007D8CD6 /* tinyfiledialogs.c */,
				416D515420AB32A1007D8CD6 /* tinyfiledialogs.h */,
				416D515820AB32A1007D8CD6 /* ui.cc */,
				416D515220AB32A1007D8CD6 /* ui.h */,
			);
			path = utils;
			sourceTree = "<group>";
		};
		C9A29B641F8715A500336E8E = {
			isa = PBXGroup;
			children = (
				C965A3F81F8BCF0400C2B212 /* portaudio.framework */,
				C9A29B911F87166F00336E8E /* FLAC.framework */,
				C9A29B941F87167000336E8E /* freetype.framework */,
				C9A29B8C1F87166F00336E8E /* ogg.framework */,
				C9A29B881F87166E00336E8E /* OpenAL.framework */,
				C9A29B901F87166F00336E8E /* sfml-audio.framework */,
				C9A29B8A1F87166F00336E8E /* sfml-graphics.framework */,
				C9A29B8E1F87166F00336E8E /* sfml-network.framework */,
				C9A29B931F87167000336E8E /* sfml-system.framework */,
				C9A29B891F87166E00336E8E /* sfml-window.framework */,
				C9A29B921F87167000336E8E /* SFML.framework */,
				C9A29B8B1F87166F00336E8E /* vorbis.framework */,
				C9A29B8D1F87166F00336E8E /* vorbisenc.framework */,
				C9A29B8F1F87166F00336E8E /* vorbisfile.framework */,
				C9A29B701F8715A500336E8E /* nx */,
				C9A29B6F1F8715A500336E8E /* Products */,
			);
			sourceTree = "<group>";
		};
		C9A29B6F1F8715A500336E8E /* Products */ = {
			isa = PBXGroup;
			children = (
				C9A29B6E1F8715A500336E8E /* nx.app */,
			);
			name = Products;
			sourceTree = "<group>";
		};
		C9A29B701F8715A500336E8E /* nx */ = {
			isa = PBXGroup;
			children = (
				418086FC20AB321000E41B5D /* config.h */,
				418086FD20AB321000E41B5D /* main.cc */,
				418086FE20AB321000E41B5D /* types.h */,
				418086CC20AB2F5F00E41B5D /* asm */,
				418086DA20AB2F8900E41B5D /* audio */,
				418086DB20AB2FE900E41B5D /* debugger */,
				418086E120AB308A00E41B5D /* disasm */,
				418086F820AB31E400E41B5D /* editor */,
				418086F920AB31EE00E41B5D /* emulator */,
				418086FA20AB31FC00E41B5D /* tape */,
				418086FB20AB320000E41B5D /* utils */,
				C9A29B781F8715A500336E8E /* Resources */,
				C9A29B711F8715A500336E8E /* Supporting Files */,
			);
			name = nx;
			path = ../../src;
			sourceTree = "<group>";
		};
		C9A29B711F8715A500336E8E /* Supporting Files */ = {
			isa = PBXGroup;
			children = (
				418086F620AB310D00E41B5D /* nx-Info.plist */,
			);
			name = "Supporting Files";
			sourceTree = "<group>";
		};
		C9A29B781F8715A500336E8E /* Resources */ = {
			isa = PBXGroup;
			children = (
				418086DF20AB307100E41B5D /* icon.png */,
				418086DC20AB301700E41B5D /* ResourcePath.hpp */,
				418086DD20AB301700E41B5D /* ResourcePath.mm */,
			);
			name = Resources;
			path = ../xcode/nx/nx;
			sourceTree = "<group>";
		};
/* End PBXGroup section */

/* Begin PBXNativeTarget section */
		C9A29B6D1F8715A500336E8E /* nx */ = {
			isa = PBXNativeTarget;
			buildConfigurationList = C9A29B831F8715A500336E8E /* Build configuration list for PBXNativeTarget "nx" */;
			buildPhases = (
				C9A29B691F8715A500336E8E /* Sources */,
				C9A29B6A1F8715A500336E8E /* Frameworks */,
				C9A29B6B1F8715A500336E8E /* Resources */,
				C9A29B6C1F8715A500336E8E /* ShellScript */,
				C9A29BAF1F87167000336E8E /* Embed Frameworks */,
			);
			buildRules = (
			);
			dependencies = (
			);
			name = nx;
			productName = nx;
			productReference = C9A29B6E1F8715A500336E8E /* nx.app */;
			productType = "com.apple.product-type.application";
		};
/* End PBXNativeTarget section */

/* Begin PBXProject section */
		C9A29B651F8715A500336E8E /* Project object */ = {
			isa = PBXProject;
			attributes = {
				LastUpgradeCheck = 0930;
				ORGANIZATIONNAME = "Matt Davies";
				TargetAttributes = {
					C9A29B6D1F8715A500336E8E = {
						CreatedOnToolsVersion = 9.0;
						ProvisioningStyle = Automatic;
					};
				};
			};
			buildConfigurationList = C9A29B681F8715A500336E8E /* Build configuration list for PBXProject "nx" */;
			compatibilityVersion = "Xcode 8.0";
			developmentRegion = en;
			hasScannedForEncodings = 0;
			knownRegions = (
				en,
			);
			mainGroup = C9A29B641F8715A500336E8E;
			productRefGroup = C9A29B6F1F8715A500336E8E /* Products */;
			projectDirPath = "";
			projectRoot = "";
			targets = (
				C9A29B6D1F8715A500336E8E /* nx */,
			);
		};
/* End PBXProject section */

/* Begin PBXResourcesBuildPhase section */
		C9A29B6B1F8715A500336E8E /* Resources */ = {
			isa = PBXResourcesBuildPhase;
			buildActionMask = 2147483647;
			files = (
				418086E020AB307100E41B5D /* icon.png in Resources */,
			);
			runOnlyForDeploymentPostprocessing = 0;
		};
/* End PBXResourcesBuildPhase section */

/* Begin PBXShellScriptBuildPhase section */
		C9A29B6C1F8715A500336E8E /* ShellScript */ = {
			isa = PBXShellScriptBuildPhase;
			buildActionMask = 2147483647;
			files = (
			);
			inputPaths = (
			);
			outputPaths = (
			);
			runOnlyForDeploymentPostprocessing = 0;
			shellPath = /bin/sh;
			shellScript = "# This shell script simply copies required SFML dylibs/frameworks into the application bundle frameworks folder.\n# If you're using static libraries (which is not recommended) you should remove this script from your project.\n\n# SETTINGS\nCMAKE_INSTALL_FRAMEWORK_PREFIX=\"frameworks/\"\nCMAKE_INSTALL_LIB_PREFIX=\"/usr/local/lib\"\nFRAMEWORKS_FULL_PATH=\"$BUILT_PRODUCTS_DIR/$FRAMEWORKS_FOLDER_PATH/\"\n\n# Are we building a project that uses frameworks or dylibs?\ncase \"$SFML_BINARY_TYPE\" in\n    DYLIBS)\n        frameworks=\"false\"\n        ;;\n    *)\n        frameworks=\"true\"\n        ;;\nesac\n\n# Echoes to stderr\nerror () # $* message to display\n{\n    echo $* 1>&2\n    exit 2\n}\n\nassert () # $1 is a boolean, $2...N is an error message\n{\n    if [ $# -lt 2 ]\n    then\n        error \"Internal error in assert: not enough args\"\n    fi\n\n    if [ $1 -ne 0 ]\n    then\n        shift\n        error \"$*\"\n    fi\n}\n\nforce_remove () # $@ is some paths\n{\n    test $# -ge 1\n    assert $? \"force_remove() requires at least one parameter\"\n    rm -fr $@\n    assert $? \"couldn't remove $@\"\n}\n\ncopy () # $1 is a source, $2 is a destination\n{\n    test $# -eq 2\n    assert $? \"copy() requires two parameters\"\n    ditto \"$1\" \"$2\"\n    assert $? \"couldn't copy $1 to $2\"\n}\n\nrequire () # $1 is a SFML module like 'system' or 'audio'\n{\n    dest=\"$BUILT_PRODUCTS_DIR/$FRAMEWORKS_FOLDER_PATH/\"\n\n    if [ -z \"$1\" ]\n    then\n        error \"require() requires one parameter!\"\n    else\n        # clean potentially old stuff\n        force_remove \"$dest/libsfml-$1\"*\n        force_remove \"$dest/sfml-$1.framework\"\n\n        # copy SFML libraries\n        if [ \"$frameworks\" = \"true\" ]\n        then\n            source=\"$CMAKE_INSTALL_FRAMEWORK_PREFIX/sfml-$1.framework\"\n            target=\"sfml-$1.framework\"\n        elif [ \"$SFML_LINK_DYLIBS_SUFFIX\" = \"-d\" ]\n        then\n            source=\"$CMAKE_INSTALL_LIB_PREFIX/libsfml-$1-d.dylib\"\n            target=\"`readlink $source`\"\n        else\n            source=\"$CMAKE_INSTALL_LIB_PREFIX/libsfml-$1.dylib\"\n            target=\"`readlink $source`\"\n        fi\n\n        copy \"$source\" \"$dest/$target\"\n\n        # copy extra dependencies\n        if [ \"$1\" = \"audio\" ]\n        then\n            # copy \"FLAC\" \"ogg\" \"vorbis\" \"vorbisenc\" \"vorbisfile\" \"OpenAL\" frameworks too\n            for f in \"FLAC\" \"ogg\" \"vorbis\" \"vorbisenc\" \"vorbisfile\" \"OpenAL\"\n            do\n                copy \"$CMAKE_INSTALL_FRAMEWORK_PREFIX/$f.framework\" \"$dest/$f.framework\"\n            done\n        elif [ \"$1\" = \"graphics\" ]\n        then\n            copy \"$CMAKE_INSTALL_FRAMEWORK_PREFIX/freetype.framework\" \"$dest/freetype.framework\"\n        fi\n    fi\n}\n\nif [ -n \"$SFML_SYSTEM\" ]\nthen\n    require \"system\"\nfi\n\nif [ -n \"$SFML_AUDIO\" ]\nthen\n    require \"audio\"\nfi\n\nif [ -n \"$SFML_NETWORK\" ]\nthen\n    require \"network\"\nfi\n\nif [ -n \"$SFML_WINDOW\" ]\nthen\n    require \"window\"\nfi\n\nif [ -n \"$SFML_GRAPHICS\" ]\nthen\n    require \"graphics\"\nfi\n\n                ";
		};
/* End PBXShellScriptBuildPhase section */

/* Begin PBXSourcesBuildPhase section */
		C9A29B691F8715A500336E8E /* Sources */ = {
			isa = PBXSourcesBuildPhase;
			buildActionMask = 2147483647;
			files = (
				416D515B20AB32A1007D8CD6 /* filename.cc in Sources */,
				418086EF20AB30E300E41B5D /* window_disassembly.cc in Sources */,
				418086E420AB30D800E41B5D /* audio.cc in Sources */,
				416D517420AB32E0007D8CD6 /* overlay_editor.cc in Sources */,
				418086ED20AB30E300E41B5D /* overlay_debugger.cc in Sources */,
				416D516C20AB32CE007D8CD6 /* roms.cc in Sources */,
				418086EB20AB30E300E41B5D /* window_cpustatus.cc in Sources */,
				418086EE20AB30E300E41B5D /* window_command.cc in Sources */,
				416D515C20AB32A1007D8CD6 /* ui.cc in Sources */,
				416D515D20AB32A1007D8CD6 /* tinyfiledialogs.c in Sources */,
				418086F420AB30FD00E41B5D /* disassembler.cc in Sources */,
				416D516E20AB32CE007D8CD6 /* spectrum.cc in Sources */,
				418086DE20AB301700E41B5D /* ResourcePath.mm in Sources */,
				418086D920AB2F7600E41B5D /* overlay_asm.cc in Sources */,
				418086F520AB30FD00E41B5D /* overlay_disasm.cc in Sources */,
				416D516D20AB32CE007D8CD6 /* nx.cc in Sources */,
				418086D820AB2F7600E41B5D /* asm.cc in Sources */,
				418086D620AB2F7600E41B5D /* disasm.cc in Sources */,
				418086EC20AB30E300E41B5D /* window_memorydump.cc in Sources */,
				416D516020AB32AA007D8CD6 /* tape.cc in Sources */,
				416D517320AB32E0007D8CD6 /* editor.cc in Sources */,
				416D515A20AB32A1007D8CD6 /* format.cc in Sources */,
				416D516B20AB32CE007D8CD6 /* z80.cc in Sources */,
				418086FF20AB321000E41B5D /* main.cc in Sources */,
				418086D720AB2F7600E41B5D /* lex.cc in Sources */,
				416D516A20AB32CE007D8CD6 /* nxfile.cc in Sources */,
			);
			runOnlyForDeploymentPostprocessing = 0;
		};
/* End PBXSourcesBuildPhase section */

/* Begin XCBuildConfiguration section */
		C9A29B811F8715A500336E8E /* Debug */ = {
			isa = XCBuildConfiguration;
			buildSettings = {
				CLANG_CXX_LANGUAGE_STANDARD = "c++17";
				CLANG_CXX_LIBRARY = "libc++";
				CLANG_WARN_BLOCK_CAPTURE_AUTORELEASING = YES;
				CLANG_WARN_BOOL_CONVERSION = YES;
				CLANG_WARN_COMMA = YES;
				CLANG_WARN_CONSTANT_CONVERSION = YES;
				CLANG_WARN_DEPRECATED_OBJC_IMPLEMENTATIONS = YES;
				CLANG_WARN_EMPTY_BODY = YES;
				CLANG_WARN_ENUM_CONVERSION = YES;
				CLANG_WARN_INFINITE_RECURSION = YES;
				CLANG_WARN_INT_CONVERSION = YES;
				CLANG_WARN_NON_LITERAL_NULL_CONVERSION = YES;
				CLANG_WARN_OBJC_IMPLICIT_RETAIN_SELF = YES;
				CLANG_WARN_OBJC_LITERAL_CONVERSION = YES;
				CLANG_WARN_RANGE_LOOP_ANALYSIS = YES;
				CLANG_WARN_STRICT_PROTOTYPES = YES;
				CLANG_WARN_SUSPICIOUS_MOVE = YES;
				CLANG_WARN_UNREACHABLE_CODE = YES;
				CLANG_WARN__DUPLICATE_METHOD_MATCH = YES;
				ENABLE_STRICT_OBJC_MSGSEND = YES;
				ENABLE_TESTABILITY = YES;
				FRAMEWORK_SEARCH_PATHS = (
					/Library/Frameworks/,
					"$(inherited)",
				);
				GCC_NO_COMMON_BLOCKS = YES;
				GCC_VERSION = com.apple.compilers.llvm.clang.1_0;
				GCC_WARN_64_TO_32_BIT_CONVERSION = YES;
				GCC_WARN_ABOUT_RETURN_TYPE = YES;
				GCC_WARN_UNDECLARED_SELECTOR = YES;
				GCC_WARN_UNINITIALIZED_AUTOS = YES;
				GCC_WARN_UNUSED_FUNCTION = YES;
				GCC_WARN_UNUSED_VARIABLE = YES;
				HEADER_SEARCH_PATHS = (
					../../src,
					/usr/local/include/,
					"$(inherited)",
				);
				LIBRARY_SEARCH_PATHS = (
					/usr/local/lib/,
					"$(inherited)",
				);
				MACOSX_DEPLOYMENT_TARGET = 10.7;
				ONLY_ACTIVE_ARCH = YES;
				OTHER_LDFLAGS = (
					"$(inherited)",
					"$(SFML_SYSTEM)",
					"$(SFML_WINDOW)",
					"$(SFML_GRAPHICS)",
					"$(SFML_AUDIO)",
					"$(SFML_NETWORK)",
				);
				SFML_AUDIO = "$(SFML_LINK_PREFIX) sfml-audio$(SFML_LINK_SUFFIX)";
				SFML_BINARY_TYPE = FRAMEWORKS;
				SFML_GRAPHICS = "$(SFML_LINK_PREFIX) sfml-graphics$(SFML_LINK_SUFFIX)";
				SFML_LINK_DYLIBS_PREFIX = "-l";
				SFML_LINK_DYLIBS_SUFFIX = "";
				SFML_LINK_FRAMEWORKS_PREFIX = "-framework";
				SFML_LINK_FRAMEWORKS_SUFFIX = "";
				SFML_LINK_PREFIX = "$(SFML_LINK_$(SFML_BINARY_TYPE)_PREFIX)";
				SFML_LINK_SUFFIX = "$(SFML_LINK_$(SFML_BINARY_TYPE)_SUFFIX)";
				SFML_NETWORK = "$(SFML_LINK_PREFIX) sfml-network$(SFML_LINK_SUFFIX)";
				SFML_SYSTEM = "$(SFML_LINK_PREFIX) sfml-system$(SFML_LINK_SUFFIX)";
				SFML_WINDOW = "$(SFML_LINK_PREFIX) sfml-window$(SFML_LINK_SUFFIX)";
				SUPPORTED_PLATFORMS = macosx;
			};
			name = Debug;
		};
		C9A29B821F8715A500336E8E /* Release */ = {
			isa = XCBuildConfiguration;
			buildSettings = {
				CLANG_CXX_LANGUAGE_STANDARD = "c++17";
				CLANG_CXX_LIBRARY = "libc++";
				CLANG_WARN_BLOCK_CAPTURE_AUTORELEASING = YES;
				CLANG_WARN_BOOL_CONVERSION = YES;
				CLANG_WARN_COMMA = YES;
				CLANG_WARN_CONSTANT_CONVERSION = YES;
				CLANG_WARN_DEPRECATED_OBJC_IMPLEMENTATIONS = YES;
				CLANG_WARN_EMPTY_BODY = YES;
				CLANG_WARN_ENUM_CONVERSION = YES;
				CLANG_WARN_INFINITE_RECURSION = YES;
				CLANG_WARN_INT_CONVERSION = YES;
				CLANG_WARN_NON_LITERAL_NULL_CONVERSION = YES;
				CLANG_WARN_OBJC_IMPLICIT_RETAIN_SELF = YES;
				CLANG_WARN_OBJC_LITERAL_CONVERSION = YES;
				CLANG_WARN_RANGE_LOOP_ANALYSIS = YES;
				CLANG_WARN_STRICT_PROTOTYPES = YES;
				CLANG_WARN_SUSPICIOUS_MOVE = YES;
				CLANG_WARN_UNREACHABLE_CODE = YES;
				CLANG_WARN__DUPLICATE_METHOD_MATCH = YES;
				ENABLE_STRICT_OBJC_MSGSEND = YES;
				FRAMEWORK_SEARCH_PATHS = (
					/Library/Frameworks/,
					"$(inherited)",
				);
				GCC_NO_COMMON_BLOCKS = YES;
				GCC_VERSION = com.apple.compilers.llvm.clang.1_0;
				GCC_WARN_64_TO_32_BIT_CONVERSION = YES;
				GCC_WARN_ABOUT_RETURN_TYPE = YES;
				GCC_WARN_UNDECLARED_SELECTOR = YES;
				GCC_WARN_UNINITIALIZED_AUTOS = YES;
				GCC_WARN_UNUSED_FUNCTION = YES;
				GCC_WARN_UNUSED_VARIABLE = YES;
				HEADER_SEARCH_PATHS = (
					../../src,
					/usr/local/include/,
					"$(inherited)",
				);
				LIBRARY_SEARCH_PATHS = (
					/usr/local/lib/,
					"$(inherited)",
				);
				MACOSX_DEPLOYMENT_TARGET = 10.7;
				OTHER_LDFLAGS = (
					"$(inherited)",
					"$(SFML_SYSTEM)",
					"$(SFML_WINDOW)",
					"$(SFML_GRAPHICS)",
					"$(SFML_AUDIO)",
					"$(SFML_NETWORK)",
				);
				SFML_AUDIO = "$(SFML_LINK_PREFIX) sfml-audio$(SFML_LINK_SUFFIX)";
				SFML_BINARY_TYPE = FRAMEWORKS;
				SFML_GRAPHICS = "$(SFML_LINK_PREFIX) sfml-graphics$(SFML_LINK_SUFFIX)";
				SFML_LINK_DYLIBS_PREFIX = "-l";
				SFML_LINK_DYLIBS_SUFFIX = "";
				SFML_LINK_FRAMEWORKS_PREFIX = "-framework";
				SFML_LINK_FRAMEWORKS_SUFFIX = "";
				SFML_LINK_PREFIX = "$(SFML_LINK_$(SFML_BINARY_TYPE)_PREFIX)";
				SFML_LINK_SUFFIX = "$(SFML_LINK_$(SFML_BINARY_TYPE)_SUFFIX)";
				SFML_NETWORK = "$(SFML_LINK_PREFIX) sfml-network$(SFML_LINK_SUFFIX)";
				SFML_SYSTEM = "$(SFML_LINK_PREFIX) sfml-system$(SFML_LINK_SUFFIX)";
				SFML_WINDOW = "$(SFML_LINK_PREFIX) sfml-window$(SFML_LINK_SUFFIX)";
				SUPPORTED_PLATFORMS = macosx;
			};
			name = Release;
		};
		C9A29B841F8715A500336E8E /* Debug */ = {
			isa = XCBuildConfiguration;
			buildSettings = {
				CLANG_ENABLE_OBJC_WEAK = YES;
				CODE_SIGN_STYLE = Automatic;
				FRAMEWORK_SEARCH_PATHS = (
					"$(inherited)",
					"$(PROJECT_DIR)/frameworks",
				);
				GCC_OPTIMIZATION_LEVEL = 0;
				HEADER_SEARCH_PATHS = (
					"$(PROJECT_DIR)/../../include",
					/usr/local/include/,
					"$(inherited)",
				);
				INFOPLIST_FILE = "nx/nx-Info.plist";
				LD_RUNPATH_SEARCH_PATHS = "@loader_path/../Frameworks @executable_path/../Frameworks";
				LIBRARY_SEARCH_PATHS = (
					/usr/local/lib/,
					"$(inherited)",
				);
				PRODUCT_BUNDLE_IDENTIFIER = "com.mattie-davies.${PRODUCT_NAME:rfc1034identifier}";
				PRODUCT_NAME = "$(TARGET_NAME)";
			};
			name = Debug;
		};
		C9A29B851F8715A500336E8E /* Release */ = {
			isa = XCBuildConfiguration;
			buildSettings = {
				CLANG_ENABLE_OBJC_WEAK = YES;
				CODE_SIGN_STYLE = Automatic;
				FRAMEWORK_SEARCH_PATHS = (
					"$(inherited)",
					"$(PROJECT_DIR)/frameworks",
				);
				HEADER_SEARCH_PATHS = (
					"$(PROJECT_DIR)/../../include",
					/usr/local/include/,
					"$(inherited)",
				);
				INFOPLIST_FILE = "nx/nx-Info.plist";
				LD_RUNPATH_SEARCH_PATHS = "@loader_path/../Frameworks @executable_path/../Frameworks";
				LIBRARY_SEARCH_PATHS = (
					/usr/local/lib/,
					"$(inherited)",
				);
				PRODUCT_BUNDLE_IDENTIFIER = "com.mattie-davies.${PRODUCT_NAME:rfc1034identifier}";
				PRODUCT_NAME = "$(TARGET_NAME)";
			};
			name = Release;
		};
/* End XCBuildConfiguration section */

/* Begin XCConfigurationList section */
		C9A29B681F8715A500336E8E /* Build configuration list for PBXProject "nx" */ = {
			isa = XCConfigurationList;
			buildConfigurations = (
				C9A29B811F8715A500336E8E /* Debug */,
				C9A29B821F8715A500336E8E /* Release */,
			);
			defaultConfigurationIsVisible = 0;
			defaultConfigurationName = Release;
		};
		C9A29B831F8715A500336E8E /* Build configuration list for PBXNativeTarget "nx" */ = {
			isa = XCConfigurationList;
			buildConfigurations = (
				C9A29B841F8715A500336E8E /* Debug */,
				C9A29B851F8715A500336E8E /* Release */,
			);
			defaultConfigurationIsVisible = 0;
			defaultConfigurationName = Release;
		};
/* End XCConfigurationList section */
	};
	rootObject = C9A29B651F8715A500336E8E /* Project object */;
}
